// !$*UTF8*$!
{
	archiveVersion = 1;
	classes = {
	};
	objectVersion = 46;
	objects = {

/* Begin PBXBuildFile section */
		614929941E38693B00A64E63 /* AppDelegate.swift in Sources */ = {isa = PBXBuildFile; fileRef = 614929931E38693B00A64E63 /* AppDelegate.swift */; };
		614929961E38693B00A64E63 /* ViewController.swift in Sources */ = {isa = PBXBuildFile; fileRef = 614929951E38693B00A64E63 /* ViewController.swift */; };
		614929991E38693B00A64E63 /* Main.storyboard in Resources */ = {isa = PBXBuildFile; fileRef = 614929971E38693B00A64E63 /* Main.storyboard */; };
		6149299C1E38693B00A64E63 /* MyGroceryList.xcdatamodeld in Sources */ = {isa = PBXBuildFile; fileRef = 6149299A1E38693B00A64E63 /* MyGroceryList.xcdatamodeld */; };
		6149299E1E38693B00A64E63 /* Assets.xcassets in Resources */ = {isa = PBXBuildFile; fileRef = 6149299D1E38693B00A64E63 /* Assets.xcassets */; };
		614929A11E38693B00A64E63 /* LaunchScreen.storyboard in Resources */ = {isa = PBXBuildFile; fileRef = 6149299F1E38693B00A64E63 /* LaunchScreen.storyboard */; };
		614929AB1E38740400A64E63 /* AddItemViewController.swift in Sources */ = {isa = PBXBuildFile; fileRef = 614929AA1E38740400A64E63 /* AddItemViewController.swift */; };
/* End PBXBuildFile section */

/* Begin PBXFileReference section */
		614929901E38693B00A64E63 /* MyGroceryList.app */ = {isa = PBXFileReference; explicitFileType = wrapper.application; includeInIndex = 0; path = MyGroceryList.app; sourceTree = BUILT_PRODUCTS_DIR; };
		614929931E38693B00A64E63 /* AppDelegate.swift */ = {isa = PBXFileReference; lastKnownFileType = sourcecode.swift; path = AppDelegate.swift; sourceTree = "<group>"; };
		614929951E38693B00A64E63 /* ViewController.swift */ = {isa = PBXFileReference; lastKnownFileType = sourcecode.swift; path = ViewController.swift; sourceTree = "<group>"; };
		614929981E38693B00A64E63 /* Base */ = {isa = PBXFileReference; lastKnownFileType = file.storyboard; name = Base; path = Base.lproj/Main.storyboard; sourceTree = "<group>"; };
		6149299B1E38693B00A64E63 /* MyGroceryList.xcdatamodel */ = {isa = PBXFileReference; lastKnownFileType = wrapper.xcdatamodel; path = MyGroceryList.xcdatamodel; sourceTree = "<group>"; };
		6149299D1E38693B00A64E63 /* Assets.xcassets */ = {isa = PBXFileReference; lastKnownFileType = folder.assetcatalog; path = Assets.xcassets; sourceTree = "<group>"; };
		614929A01E38693B00A64E63 /* Base */ = {isa = PBXFileReference; lastKnownFileType = file.storyboard; name = Base; path = Base.lproj/LaunchScreen.storyboard; sourceTree = "<group>"; };
		614929A21E38693B00A64E63 /* Info.plist */ = {isa = PBXFileReference; lastKnownFileType = text.plist.xml; path = Info.plist; sourceTree = "<group>"; };
		614929AA1E38740400A64E63 /* AddItemViewController.swift */ = {isa = PBXFileReference; fileEncoding = 4; lastKnownFileType = sourcecode.swift; path = AddItemViewController.swift; sourceTree = "<group>"; };
/* End PBXFileReference section */

/* Begin PBXFrameworksBuildPhase section */
		6149298D1E38693B00A64E63 /* Frameworks */ = {
			isa = PBXFrameworksBuildPhase;
			buildActionMask = 2147483647;
			files = (
			);
			runOnlyForDeploymentPostprocessing = 0;
		};
/* End PBXFrameworksBuildPhase section */

/* Begin PBXGroup section */
		614929871E38693B00A64E63 = {
			isa = PBXGroup;
			children = (
				614929921E38693B00A64E63 /* MyGroceryList */,
				614929911E38693B00A64E63 /* Products */,
			);
			sourceTree = "<group>";
		};
		614929911E38693B00A64E63 /* Products */ = {
			isa = PBXGroup;
			children = (
				614929901E38693B00A64E63 /* MyGroceryList.app */,
			);
			name = Products;
			sourceTree = "<group>";
		};
		614929921E38693B00A64E63 /* MyGroceryList */ = {
			isa = PBXGroup;
			children = (
				614929931E38693B00A64E63 /* AppDelegate.swift */,
				614929951E38693B00A64E63 /* ViewController.swift */,
				614929AA1E38740400A64E63 /* AddItemViewController.swift */,
				6149299D1E38693B00A64E63 /* Assets.xcassets */,
				614929971E38693B00A64E63 /* Main.storyboard */,
				6149299F1E38693B00A64E63 /* LaunchScreen.storyboard */,
				614929A21E38693B00A64E63 /* Info.plist */,
				6149299A1E38693B00A64E63 /* MyGroceryList.xcdatamodeld */,
			);
			path = MyGroceryList;
			sourceTree = "<group>";
		};
/* End PBXGroup section */

/* Begin PBXNativeTarget section */
		6149298F1E38693B00A64E63 /* MyGroceryList */ = {
			isa = PBXNativeTarget;
			buildConfigurationList = 614929A51E38693B00A64E63 /* Build configuration list for PBXNativeTarget "MyGroceryList" */;
			buildPhases = (
				6149298C1E38693B00A64E63 /* Sources */,
				6149298D1E38693B00A64E63 /* Frameworks */,
				6149298E1E38693B00A64E63 /* Resources */,
			);
			buildRules = (
			);
			dependencies = (
			);
			name = MyGroceryList;
			productName = MyGroceryList;
			productReference = 614929901E38693B00A64E63 /* MyGroceryList.app */;
			productType = "com.apple.product-type.application";
		};
/* End PBXNativeTarget section */

/* Begin PBXProject section */
		614929881E38693B00A64E63 /* Project object */ = {
			isa = PBXProject;
			attributes = {
				LastSwiftUpdateCheck = 0820;
				LastUpgradeCheck = 0820;
				ORGANIZATIONNAME = Ludin;
				TargetAttributes = {
					6149298F1E38693B00A64E63 = {
						CreatedOnToolsVersion = 8.2.1;
						DevelopmentTeam = MWZ45Q588P;
						ProvisioningStyle = Automatic;
					};
				};
			};
			buildConfigurationList = 6149298B1E38693B00A64E63 /* Build configuration list for PBXProject "MyGroceryList" */;
			compatibilityVersion = "Xcode 3.2";
			developmentRegion = English;
			hasScannedForEncodings = 0;
			knownRegions = (
				en,
				Base,
			);
			mainGroup = 614929871E38693B00A64E63;
			productRefGroup = 614929911E38693B00A64E63 /* Products */;
			projectDirPath = "";
			projectRoot = "";
			targets = (
				6149298F1E38693B00A64E63 /* MyGroceryList */,
			);
		};
/* End PBXProject section */

/* Begin PBXResourcesBuildPhase section */
		6149298E1E38693B00A64E63 /* Resources */ = {
			isa = PBXResourcesBuildPhase;
			buildActionMask = 2147483647;
			files = (
				614929A11E38693B00A64E63 /* LaunchScreen.storyboard in Resources */,
				6149299E1E38693B00A64E63 /* Assets.xcassets in Resources */,
				614929991E38693B00A64E63 /* Main.storyboard in Resources */,
			);
			runOnlyForDeploymentPostprocessing = 0;
		};
/* End PBXResourcesBuildPhase section */

/* Begin PBXSourcesBuildPhase section */
		6149298C1E38693B00A64E63 /* Sources */ = {
			isa = PBXSourcesBuildPhase;
			buildActionMask = 2147483647;
			files = (
				6149299C1E38693B00A64E63 /* MyGroceryList.xcdatamodeld in Sources */,
				614929AB1E38740400A64E63 /* AddItemViewController.swift in Sources */,
				614929961E38693B00A64E63 /* ViewController.swift in Sources */,
				614929941E38693B00A64E63 /* AppDelegate.swift in Sources */,
			);
			runOnlyForDeploymentPostprocessing = 0;
		};
/* End PBXSourcesBuildPhase section */

/* Begin PBXVariantGroup section */
		614929971E38693B00A64E63 /* Main.storyboard */ = {
			isa = PBXVariantGroup;
			children = (
				614929981E38693B00A64E63 /* Base */,
			);
			name = Main.storyboard;
			sourceTree = "<group>";
		};
		6149299F1E38693B00A64E63 /* LaunchScreen.storyboard */ = {
			isa = PBXVariantGroup;
			children = (
				614929A01E38693B00A64E63 /* Base */,
			);
			name = LaunchScreen.storyboard;
			sourceTree = "<group>";
		};
/* End PBXVariantGroup section */

/* Begin XCBuildConfiguration section */
		614929A31E38693B00A64E63 /* Debug */ = {
			isa = XCBuildConfiguration;
			buildSettings = {
				ALWAYS_SEARCH_USER_PATHS = NO;
				CLANG_ANALYZER_NONNULL = YES;
				CLANG_CXX_LANGUAGE_STANDARD = "gnu++0x";
				CLANG_CXX_LIBRARY = "libc++";
				CLANG_ENABLE_MODULES = YES;
				CLANG_ENABLE_OBJC_ARC = YES;
				CLANG_WARN_BOOL_CONVERSION = YES;
				CLANG_WARN_CONSTANT_CONVERSION = YES;
				CLANG_WARN_DIRECT_OBJC_ISA_USAGE = YES_ERROR;
				CLANG_WARN_DOCUMENTATION_COMMENTS = YES;
				CLANG_WARN_EMPTY_BODY = YES;
				CLANG_WARN_ENUM_CONVERSION = YES;
				CLANG_WARN_INFINITE_RECURSION = YES;
				CLANG_WARN_INT_CONVERSION = YES;
				CLANG_WARN_OBJC_ROOT_CLASS = YES_ERROR;
				CLANG_WARN_SUSPICIOUS_MOVE = YES;
				CLANG_WARN_UNREACHABLE_CODE = YES;
				CLANG_WARN__DUPLICATE_METHOD_MATCH = YES;
				"CODE_SIGN_IDENTITY[sdk=iphoneos*]" = "iPhone Developer";
				COPY_PHASE_STRIP = NO;
				DEBUG_INFORMATION_FORMAT = dwarf;
				ENABLE_STRICT_OBJC_MSGSEND = YES;
				ENABLE_TESTABILITY = YES;
				GCC_C_LANGUAGE_STANDARD = gnu99;
				GCC_DYNAMIC_NO_PIC = NO;
				GCC_NO_COMMON_BLOCKS = YES;
				GCC_OPTIMIZATION_LEVEL = 0;
				GCC_PREPROCESSOR_DEFINITIONS = (
					"DEBUG=1",
					"$(inherited)",
				);
				GCC_WARN_64_TO_32_BIT_CONVERSION = YES;
				GCC_WARN_ABOUT_RETURN_TYPE = YES_ERROR;
				GCC_WARN_UNDECLARED_SELECTOR = YES;
				GCC_WARN_UNINITIALIZED_AUTOS = YES_AGGRESSIVE;
				GCC_WARN_UNUSED_FUNCTION = YES;
				GCC_WARN_UNUSED_VARIABLE = YES;
				IPHONEOS_DEPLOYMENT_TARGET = 10.2;
				MTL_ENABLE_DEBUG_INFO = YES;
				ONLY_ACTIVE_ARCH = YES;
				SDKROOT = iphoneos;
				SWIFT_ACTIVE_COMPILATION_CONDITIONS = DEBUG;
				SWIFT_OPTIMIZATION_LEVEL = "-Onone";
			};
			name = Debug;
		};
		614929A41E38693B00A64E63 /* Release */ = {
			isa = XCBuildConfiguration;
			buildSettings = {
				ALWAYS_SEARCH_USER_PATHS = NO;
				CLANG_ANALYZER_NONNULL = YES;
				CLANG_CXX_LANGUAGE_STANDARD = "gnu++0x";
				CLANG_CXX_LIBRARY = "libc++";
				CLANG_ENABLE_MODULES = YES;
				CLANG_ENABLE_OBJC_ARC = YES;
				CLANG_WARN_BOOL_CONVERSION = YES;
				CLANG_WARN_CONSTANT_CONVERSION = YES;
				CLANG_WARN_DIRECT_OBJC_ISA_USAGE = YES_ERROR;
				CLANG_WARN_DOCUMENTATION_COMMENTS = YES;
				CLANG_WARN_EMPTY_BODY = YES;
				CLANG_WARN_ENUM_CONVERSION = YES;
				CLANG_WARN_INFINITE_RECURSION = YES;
				CLANG_WARN_INT_CONVERSION = YES;
				CLANG_WARN_OBJC_ROOT_CLASS = YES_ERROR;
				CLANG_WARN_SUSPICIOUS_MOVE = YES;
				CLANG_WARN_UNREACHABLE_CODE = YES;
				CLANG_WARN__DUPLICATE_METHOD_MATCH = YES;
				"CODE_SIGN_IDENTITY[sdk=iphoneos*]" = "iPhone Developer";
				COPY_PHASE_STRIP = NO;
				DEBUG_INFORMATION_FORMAT = "dwarf-with-dsym";
				ENABLE_NS_ASSERTIONS = NO;
				ENABLE_STRICT_OBJC_MSGSEND = YES;
				GCC_C_LANGUAGE_STANDARD = gnu99;
				GCC_NO_COMMON_BLOCKS = YES;
				GCC_WARN_64_TO_32_BIT_CONVERSION = YES;
				GCC_WARN_ABOUT_RETURN_TYPE = YES_ERROR;
				GCC_WARN_UNDECLARED_SELECTOR = YES;
				GCC_WARN_UNINITIALIZED_AUTOS = YES_AGGRESSIVE;
				GCC_WARN_UNUSED_FUNCTION = YES;
				GCC_WARN_UNUSED_VARIABLE = YES;
				IPHONEOS_DEPLOYMENT_TARGET = 10.2;
				MTL_ENABLE_DEBUG_INFO = NO;
				SDKROOT = iphoneos;
				SWIFT_OPTIMIZATION_LEVEL = "-Owholemodule";
				VALIDATE_PRODUCT = YES;
			};
			name = Release;
		};
		614929A61E38693B00A64E63 /* Debug */ = {
			isa = XCBuildConfiguration;
			buildSettings = {
				ASSETCATALOG_COMPILER_APPICON_NAME = AppIcon;
				CODE_SIGN_IDENTITY = "iPhone Developer";
				"CODE_SIGN_IDENTITY[sdk=iphoneos*]" = "iPhone Developer";
				DEVELOPMENT_TEAM = MWZ45Q588P;
				INFOPLIST_FILE = MyGroceryList/Info.plist;
				LD_RUNPATH_SEARCH_PATHS = "$(inherited) @executable_path/Frameworks";
				PRODUCT_BUNDLE_IDENTIFIER = JLudin.MyGroceryList;
				PRODUCT_NAME = "$(TARGET_NAME)";
				SWIFT_VERSION = 3.0;
			};
			name = Debug;
		};
		614929A71E38693B00A64E63 /* Release */ = {
			isa = XCBuildConfiguration;
			buildSettings = {
				ASSETCATALOG_COMPILER_APPICON_NAME = AppIcon;
				CODE_SIGN_IDENTITY = "iPhone Developer";
				"CODE_SIGN_IDENTITY[sdk=iphoneos*]" = "iPhone Developer";
				DEVELOPMENT_TEAM = MWZ45Q588P;
				INFOPLIST_FILE = MyGroceryList/Info.plist;
				LD_RUNPATH_SEARCH_PATHS = "$(inherited) @executable_path/Frameworks";
				PRODUCT_BUNDLE_IDENTIFIER = JLudin.MyGroceryList;
				PRODUCT_NAME = "$(TARGET_NAME)";
				SWIFT_VERSION = 3.0;
			};
			name = Release;
		};
/* End XCBuildConfiguration section */

/* Begin XCConfigurationList section */
		6149298B1E38693B00A64E63 /* Build configuration list for PBXProject "MyGroceryList" */ = {
			isa = XCConfigurationList;
			buildConfigurations = (
				614929A31E38693B00A64E63 /* Debug */,
				614929A41E38693B00A64E63 /* Release */,
			);
			defaultConfigurationIsVisible = 0;
			defaultConfigurationName = Release;
		};
		614929A51E38693B00A64E63 /* Build configuration list for PBXNativeTarget "MyGroceryList" */ = {
			isa = XCConfigurationList;
			buildConfigurations = (
				614929A61E38693B00A64E63 /* Debug */,
				614929A71E38693B00A64E63 /* Release */,
			);
			defaultConfigurationIsVisible = 0;
			defaultConfigurationName = Release;
		};
/* End XCConfigurationList section */

/* Begin XCVersionGroup section */
		6149299A1E38693B00A64E63 /* MyGroceryList.xcdatamodeld */ = {
			isa = XCVersionGroup;
			children = (
				6149299B1E38693B00A64E63 /* MyGroceryList.xcdatamodel */,
			);
			currentVersion = 6149299B1E38693B00A64E63 /* MyGroceryList.xcdatamodel */;
			path = MyGroceryList.xcdatamodeld;
			sourceTree = "<group>";
			versionGroupType = wrapper.xcdatamodel;
		};
/* End XCVersionGroup section */
	};
	rootObject = 614929881E38693B00A64E63 /* Project object */;
}
